
Microsoft Visual Studio Solution File, Format Version 12.00
# Visual Studio Version 17
VisualStudioVersion = 17.6.33723.286
MinimumVisualStudioVersion = 10.0.40219.1
Project("{9A19103F-16F7-4668-BE54-9A1E7A4F7556}") = "DevIO.Data", "src\DevIO.Data\DevIO.Data.csproj", "{E3470DFD-95F5-462A-86B6-5DE4884DFF21}"
EndProject
Project("{9A19103F-16F7-4668-BE54-9A1E7A4F7556}") = "DevIO.Business", "src\DevIO.Business\DevIO.Business.csproj", "{D640E01F-7745-4326-AC1F-36758641BB71}"
EndProject
Project("{FAE04EC0-301F-11D3-BF4B-00C04F79EFBC}") = "DevIO.Api", "src\DevIO.Api\DevIO.Api.csproj", "{E70A42DD-7993-48FD-9A76-1030AA91CFA1}"
EndProject
Global
	GlobalSection(SolutionConfigurationPlatforms) = preSolution
		Debug|Any CPU = Debug|Any CPU
		Release|Any CPU = Release|Any CPU
	EndGlobalSection
	GlobalSection(ProjectConfigurationPlatforms) = postSolution
		{E3470DFD-95F5-462A-86B6-5DE4884DFF21}.Debug|Any CPU.ActiveCfg = Debug|Any CPU
		{E3470DFD-95F5-462A-86B6-5DE4884DFF21}.Debug|Any CPU.Build.0 = Debug|Any CPU
		{E3470DFD-95F5-462A-86B6-5DE4884DFF21}.Release|Any CPU.ActiveCfg = Release|Any CPU
		{E3470DFD-95F5-462A-86B6-5DE4884DFF21}.Release|Any CPU.Build.0 = Release|Any CPU
		{D640E01F-7745-4326-AC1F-36758641BB71}.Debug|Any CPU.ActiveCfg = Debug|Any CPU
		{D640E01F-7745-4326-AC1F-36758641BB71}.Debug|Any CPU.Build.0 = Debug|Any CPU
		{D640E01F-7745-4326-AC1F-36758641BB71}.Release|Any CPU.ActiveCfg = Release|Any CPU
		{D640E01F-7745-4326-AC1F-36758641BB71}.Release|Any CPU.Build.0 = Release|Any CPU
		{E70A42DD-7993-48FD-9A76-1030AA91CFA1}.Debug|Any CPU.ActiveCfg = Debug|Any CPU
		{E70A42DD-7993-48FD-9A76-1030AA91CFA1}.Debug|Any CPU.Build.0 = Debug|Any CPU
		{E70A42DD-7993-48FD-9A76-1030AA91CFA1}.Release|Any CPU.ActiveCfg = Release|Any CPU
		{E70A42DD-7993-48FD-9A76-1030AA91CFA1}.Release|Any CPU.Build.0 = Release|Any CPU
	EndGlobalSection
	GlobalSection(SolutionProperties) = preSolution
		HideSolutionNode = FALSE
	EndGlobalSection
	GlobalSection(ExtensibilityGlobals) = postSolution
		SolutionGuid = {9C798636-C918-43B1-8882-799EBFBABCDC}
	EndGlobalSection
EndGlobal
